{
  "pins" : [
    {
      "identity" : "mkringprogressview",
      "kind" : "remoteSourceControl",
      "location" : "https://github.com/maxkonovalov/MKRingProgressView.git",
      "state" : {
        "revision" : "660888aab1d2ab0ed7eb9eb53caec12af4955fa7",
        "version" : "2.3.0"
      }
    }
  ],
  "version" : 2
}
